// !$*UTF8*$!
{
	archiveVersion = 1;
	classes = {
	};
	objectVersion = 46;
	objects = {

/* Begin PBXBuildFile section */
		A5283C351BC89EBE00E62BE7 /* SYHomeViewController.m in Sources */ = {isa = PBXBuildFile; fileRef = A5283C341BC89EBE00E62BE7 /* SYHomeViewController.m */; settings = {ASSET_TAGS = (); }; };
		A5283C381BC89ED100E62BE7 /* SYMessageCenterViewController.m in Sources */ = {isa = PBXBuildFile; fileRef = A5283C371BC89ED100E62BE7 /* SYMessageCenterViewController.m */; settings = {ASSET_TAGS = (); }; };
		A5283C3B1BC89EE400E62BE7 /* SYDiscoverViewController.m in Sources */ = {isa = PBXBuildFile; fileRef = A5283C3A1BC89EE400E62BE7 /* SYDiscoverViewController.m */; settings = {ASSET_TAGS = (); }; };
		A5283C3E1BC89EF400E62BE7 /* SYProfileViewController.m in Sources */ = {isa = PBXBuildFile; fileRef = A5283C3D1BC89EF400E62BE7 /* SYProfileViewController.m */; settings = {ASSET_TAGS = (); }; };
		A5283C801BC8A6DE00E62BE7 /* SYTabBarViewController.m in Sources */ = {isa = PBXBuildFile; fileRef = A5283C7F1BC8A6DE00E62BE7 /* SYTabBarViewController.m */; settings = {ASSET_TAGS = (); }; };
		A544E3201BC9FD910018BB9C /* SYNavigationController.m in Sources */ = {isa = PBXBuildFile; fileRef = A544E31F1BC9FD910018BB9C /* SYNavigationController.m */; settings = {ASSET_TAGS = (); }; };
		A544E3421BCA176A0018BB9C /* UIBarButtonItem+Extension.m in Sources */ = {isa = PBXBuildFile; fileRef = A544E3411BCA176A0018BB9C /* UIBarButtonItem+Extension.m */; settings = {ASSET_TAGS = (); }; };
		A5A78BC21BCB4E4D006EFB2D /* SYSearchBar.m in Sources */ = {isa = PBXBuildFile; fileRef = A5A78BC11BCB4E4D006EFB2D /* SYSearchBar.m */; settings = {ASSET_TAGS = (); }; };
		A5CA0F981BC9116D00154FF6 /* Test2ViewController.m in Sources */ = {isa = PBXBuildFile; fileRef = A5CA0F971BC9116D00154FF6 /* Test2ViewController.m */; settings = {ASSET_TAGS = (); }; };
		A5CA0F9B1BC916F900154FF6 /* Test3ViewController.m in Sources */ = {isa = PBXBuildFile; fileRef = A5CA0F9A1BC916F900154FF6 /* Test3ViewController.m */; settings = {ASSET_TAGS = (); }; };
		A5D28C0C1BC8B18A00BF8BD9 /* Test1ViewController.m in Sources */ = {isa = PBXBuildFile; fileRef = A5D28C0A1BC8B18A00BF8BD9 /* Test1ViewController.m */; settings = {ASSET_TAGS = (); }; };
		A5D28C0D1BC8B18A00BF8BD9 /* Test1ViewController.xib in Resources */ = {isa = PBXBuildFile; fileRef = A5D28C0B1BC8B18A00BF8BD9 /* Test1ViewController.xib */; settings = {ASSET_TAGS = (); }; };
		A5D28C101BC8BBAA00BF8BD9 /* UIView+Extension.m in Sources */ = {isa = PBXBuildFile; fileRef = A5D28C0F1BC8BBAA00BF8BD9 /* UIView+Extension.m */; settings = {ASSET_TAGS = (); }; };
		A5F5B7A91BC7BA4D0047F482 /* main.m in Sources */ = {isa = PBXBuildFile; fileRef = A5F5B7A81BC7BA4D0047F482 /* main.m */; };
		A5F5B7B71BC7BA4D0047F482 /* LaunchScreen.storyboard in Resources */ = {isa = PBXBuildFile; fileRef = A5F5B7B51BC7BA4D0047F482 /* LaunchScreen.storyboard */; };
		A5F5B7C21BC7BA4D0047F482 /* SYWeiBoTests.m in Sources */ = {isa = PBXBuildFile; fileRef = A5F5B7C11BC7BA4D0047F482 /* SYWeiBoTests.m */; };
		A5F5B7CD1BC7BA4D0047F482 /* SYWeiBoUITests.m in Sources */ = {isa = PBXBuildFile; fileRef = A5F5B7CC1BC7BA4D0047F482 /* SYWeiBoUITests.m */; };
		A5F5B7DB1BC7BB520047F482 /* Assets.xcassets in Resources */ = {isa = PBXBuildFile; fileRef = A5F5B7DA1BC7BB520047F482 /* Assets.xcassets */; settings = {ASSET_TAGS = (); }; };
		A5F5B7DF1BC7BBAA0047F482 /* AppDelegate.m in Sources */ = {isa = PBXBuildFile; fileRef = A5F5B7DE1BC7BBAA0047F482 /* AppDelegate.m */; settings = {ASSET_TAGS = (); }; };
/* End PBXBuildFile section */

/* Begin PBXContainerItemProxy section */
		A5D28C2E1BC8DA3900BF8BD9 /* PBXContainerItemProxy */ = {
			isa = PBXContainerItemProxy;
			containerPortal = A5F5B79C1BC7BA4D0047F482 /* Project object */;
			proxyType = 1;
			remoteGlobalIDString = A5D28C141BC8DA3900BF8BD9;
			remoteInfo = "晓蓉明天干嘛去";
		};
		A5D28C391BC8DA3900BF8BD9 /* PBXContainerItemProxy */ = {
			isa = PBXContainerItemProxy;
			containerPortal = A5F5B79C1BC7BA4D0047F482 /* Project object */;
			proxyType = 1;
			remoteGlobalIDString = A5D28C141BC8DA3900BF8BD9;
			remoteInfo = "晓蓉明天干嘛去";
		};
		A5F5B7BE1BC7BA4D0047F482 /* PBXContainerItemProxy */ = {
			isa = PBXContainerItemProxy;
			containerPortal = A5F5B79C1BC7BA4D0047F482 /* Project object */;
			proxyType = 1;
			remoteGlobalIDString = A5F5B7A31BC7BA4D0047F482;
			remoteInfo = SYWeiBo;
		};
		A5F5B7C91BC7BA4D0047F482 /* PBXContainerItemProxy */ = {
			isa = PBXContainerItemProxy;
			containerPortal = A5F5B79C1BC7BA4D0047F482 /* Project object */;
			proxyType = 1;
			remoteGlobalIDString = A5F5B7A31BC7BA4D0047F482;
			remoteInfo = SYWeiBo;
		};
/* End PBXContainerItemProxy section */

/* Begin PBXFileReference section */
		A5283C331BC89EBE00E62BE7 /* SYHomeViewController.h */ = {isa = PBXFileReference; fileEncoding = 4; lastKnownFileType = sourcecode.c.h; path = SYHomeViewController.h; sourceTree = "<group>"; };
		A5283C341BC89EBE00E62BE7 /* SYHomeViewController.m */ = {isa = PBXFileReference; fileEncoding = 4; lastKnownFileType = sourcecode.c.objc; path = SYHomeViewController.m; sourceTree = "<group>"; };
		A5283C361BC89ED100E62BE7 /* SYMessageCenterViewController.h */ = {isa = PBXFileReference; fileEncoding = 4; lastKnownFileType = sourcecode.c.h; path = SYMessageCenterViewController.h; sourceTree = "<group>"; };
		A5283C371BC89ED100E62BE7 /* SYMessageCenterViewController.m */ = {isa = PBXFileReference; fileEncoding = 4; lastKnownFileType = sourcecode.c.objc; path = SYMessageCenterViewController.m; sourceTree = "<group>"; };
		A5283C391BC89EE400E62BE7 /* SYDiscoverViewController.h */ = {isa = PBXFileReference; fileEncoding = 4; lastKnownFileType = sourcecode.c.h; path = SYDiscoverViewController.h; sourceTree = "<group>"; };
		A5283C3A1BC89EE400E62BE7 /* SYDiscoverViewController.m */ = {isa = PBXFileReference; fileEncoding = 4; lastKnownFileType = sourcecode.c.objc; path = SYDiscoverViewController.m; sourceTree = "<group>"; };
		A5283C3C1BC89EF400E62BE7 /* SYProfileViewController.h */ = {isa = PBXFileReference; fileEncoding = 4; lastKnownFileType = sourcecode.c.h; path = SYProfileViewController.h; sourceTree = "<group>"; };
		A5283C3D1BC89EF400E62BE7 /* SYProfileViewController.m */ = {isa = PBXFileReference; fileEncoding = 4; lastKnownFileType = sourcecode.c.objc; path = SYProfileViewController.m; sourceTree = "<group>"; };
		A5283C7E1BC8A6DE00E62BE7 /* SYTabBarViewController.h */ = {isa = PBXFileReference; fileEncoding = 4; lastKnownFileType = sourcecode.c.h; path = SYTabBarViewController.h; sourceTree = "<group>"; };
		A5283C7F1BC8A6DE00E62BE7 /* SYTabBarViewController.m */ = {isa = PBXFileReference; fileEncoding = 4; lastKnownFileType = sourcecode.c.objc; path = SYTabBarViewController.m; sourceTree = "<group>"; };
		A544E31E1BC9FD910018BB9C /* SYNavigationController.h */ = {isa = PBXFileReference; fileEncoding = 4; lastKnownFileType = sourcecode.c.h; path = SYNavigationController.h; sourceTree = "<group>"; };
		A544E31F1BC9FD910018BB9C /* SYNavigationController.m */ = {isa = PBXFileReference; fileEncoding = 4; lastKnownFileType = sourcecode.c.objc; path = SYNavigationController.m; sourceTree = "<group>"; };
		A544E3401BCA176A0018BB9C /* UIBarButtonItem+Extension.h */ = {isa = PBXFileReference; fileEncoding = 4; lastKnownFileType = sourcecode.c.h; path = "UIBarButtonItem+Extension.h"; sourceTree = "<group>"; };
		A544E3411BCA176A0018BB9C /* UIBarButtonItem+Extension.m */ = {isa = PBXFileReference; fileEncoding = 4; lastKnownFileType = sourcecode.c.objc; path = "UIBarButtonItem+Extension.m"; sourceTree = "<group>"; };
		A5A78BC01BCB4E4D006EFB2D /* SYSearchBar.h */ = {isa = PBXFileReference; fileEncoding = 4; lastKnownFileType = sourcecode.c.h; path = SYSearchBar.h; sourceTree = "<group>"; };
		A5A78BC11BCB4E4D006EFB2D /* SYSearchBar.m */ = {isa = PBXFileReference; fileEncoding = 4; lastKnownFileType = sourcecode.c.objc; path = SYSearchBar.m; sourceTree = "<group>"; };
		A5CA0F961BC9116D00154FF6 /* Test2ViewController.h */ = {isa = PBXFileReference; fileEncoding = 4; lastKnownFileType = sourcecode.c.h; path = Test2ViewController.h; sourceTree = "<group>"; };
		A5CA0F971BC9116D00154FF6 /* Test2ViewController.m */ = {isa = PBXFileReference; fileEncoding = 4; lastKnownFileType = sourcecode.c.objc; path = Test2ViewController.m; sourceTree = "<group>"; };
		A5CA0F991BC916F900154FF6 /* Test3ViewController.h */ = {isa = PBXFileReference; fileEncoding = 4; lastKnownFileType = sourcecode.c.h; path = Test3ViewController.h; sourceTree = "<group>"; };
		A5CA0F9A1BC916F900154FF6 /* Test3ViewController.m */ = {isa = PBXFileReference; fileEncoding = 4; lastKnownFileType = sourcecode.c.objc; path = Test3ViewController.m; sourceTree = "<group>"; };
		A5D28C091BC8B18A00BF8BD9 /* Test1ViewController.h */ = {isa = PBXFileReference; fileEncoding = 4; lastKnownFileType = sourcecode.c.h; path = Test1ViewController.h; sourceTree = "<group>"; };
		A5D28C0A1BC8B18A00BF8BD9 /* Test1ViewController.m */ = {isa = PBXFileReference; fileEncoding = 4; lastKnownFileType = sourcecode.c.objc; path = Test1ViewController.m; sourceTree = "<group>"; };
		A5D28C0B1BC8B18A00BF8BD9 /* Test1ViewController.xib */ = {isa = PBXFileReference; fileEncoding = 4; lastKnownFileType = file.xib; path = Test1ViewController.xib; sourceTree = "<group>"; };
		A5D28C0E1BC8BBAA00BF8BD9 /* UIView+Extension.h */ = {isa = PBXFileReference; fileEncoding = 4; lastKnownFileType = sourcecode.c.h; path = "UIView+Extension.h"; sourceTree = "<group>"; };
		A5D28C0F1BC8BBAA00BF8BD9 /* UIView+Extension.m */ = {isa = PBXFileReference; fileEncoding = 4; lastKnownFileType = sourcecode.c.objc; path = "UIView+Extension.m"; sourceTree = "<group>"; };
		A5D28C151BC8DA3900BF8BD9 /* 晓蓉明天干嘛去.app */ = {isa = PBXFileReference; explicitFileType = wrapper.application; includeInIndex = 0; path = "晓蓉明天干嘛去.app"; sourceTree = BUILT_PRODUCTS_DIR; };
		A5D28C2D1BC8DA3900BF8BD9 /* 晓蓉明天干嘛去Tests.xctest */ = {isa = PBXFileReference; explicitFileType = wrapper.cfbundle; includeInIndex = 0; path = "晓蓉明天干嘛去Tests.xctest"; sourceTree = BUILT_PRODUCTS_DIR; };
		A5D28C381BC8DA3900BF8BD9 /* 晓蓉明天干嘛去UITests.xctest */ = {isa = PBXFileReference; explicitFileType = wrapper.cfbundle; includeInIndex = 0; path = "晓蓉明天干嘛去UITests.xctest"; sourceTree = BUILT_PRODUCTS_DIR; };
		A5F5B7A41BC7BA4D0047F482 /* SYWeiBo.app */ = {isa = PBXFileReference; explicitFileType = wrapper.application; includeInIndex = 0; path = SYWeiBo.app; sourceTree = BUILT_PRODUCTS_DIR; };
		A5F5B7A81BC7BA4D0047F482 /* main.m */ = {isa = PBXFileReference; lastKnownFileType = sourcecode.c.objc; path = main.m; sourceTree = "<group>"; };
		A5F5B7B61BC7BA4D0047F482 /* Base */ = {isa = PBXFileReference; lastKnownFileType = file.storyboard; name = Base; path = Base.lproj/LaunchScreen.storyboard; sourceTree = "<group>"; };
		A5F5B7B81BC7BA4D0047F482 /* Info.plist */ = {isa = PBXFileReference; lastKnownFileType = text.plist.xml; path = Info.plist; sourceTree = "<group>"; };
		A5F5B7BD1BC7BA4D0047F482 /* SYWeiBoTests.xctest */ = {isa = PBXFileReference; explicitFileType = wrapper.cfbundle; includeInIndex = 0; path = SYWeiBoTests.xctest; sourceTree = BUILT_PRODUCTS_DIR; };
		A5F5B7C11BC7BA4D0047F482 /* SYWeiBoTests.m */ = {isa = PBXFileReference; lastKnownFileType = sourcecode.c.objc; path = SYWeiBoTests.m; sourceTree = "<group>"; };
		A5F5B7C31BC7BA4D0047F482 /* Info.plist */ = {isa = PBXFileReference; lastKnownFileType = text.plist.xml; path = Info.plist; sourceTree = "<group>"; };
		A5F5B7C81BC7BA4D0047F482 /* SYWeiBoUITests.xctest */ = {isa = PBXFileReference; explicitFileType = wrapper.cfbundle; includeInIndex = 0; path = SYWeiBoUITests.xctest; sourceTree = BUILT_PRODUCTS_DIR; };
		A5F5B7CC1BC7BA4D0047F482 /* SYWeiBoUITests.m */ = {isa = PBXFileReference; lastKnownFileType = sourcecode.c.objc; path = SYWeiBoUITests.m; sourceTree = "<group>"; };
		A5F5B7CE1BC7BA4D0047F482 /* Info.plist */ = {isa = PBXFileReference; lastKnownFileType = text.plist.xml; path = Info.plist; sourceTree = "<group>"; };
		A5F5B7DA1BC7BB520047F482 /* Assets.xcassets */ = {isa = PBXFileReference; lastKnownFileType = folder.assetcatalog; path = Assets.xcassets; sourceTree = "<group>"; };
		A5F5B7DD1BC7BBAA0047F482 /* AppDelegate.h */ = {isa = PBXFileReference; fileEncoding = 4; lastKnownFileType = sourcecode.c.h; path = AppDelegate.h; sourceTree = "<group>"; };
		A5F5B7DE1BC7BBAA0047F482 /* AppDelegate.m */ = {isa = PBXFileReference; fileEncoding = 4; lastKnownFileType = sourcecode.c.objc; path = AppDelegate.m; sourceTree = "<group>"; };
/* End PBXFileReference section */

/* Begin PBXFrameworksBuildPhase section */
		A5D28C121BC8DA3900BF8BD9 /* Frameworks */ = {
			isa = PBXFrameworksBuildPhase;
			buildActionMask = 2147483647;
			files = (
			);
			runOnlyForDeploymentPostprocessing = 0;
		};
		A5D28C2A1BC8DA3900BF8BD9 /* Frameworks */ = {
			isa = PBXFrameworksBuildPhase;
			buildActionMask = 2147483647;
			files = (
			);
			runOnlyForDeploymentPostprocessing = 0;
		};
		A5D28C351BC8DA3900BF8BD9 /* Frameworks */ = {
			isa = PBXFrameworksBuildPhase;
			buildActionMask = 2147483647;
			files = (
			);
			runOnlyForDeploymentPostprocessing = 0;
		};
		A5F5B7A11BC7BA4D0047F482 /* Frameworks */ = {
			isa = PBXFrameworksBuildPhase;
			buildActionMask = 2147483647;
			files = (
			);
			runOnlyForDeploymentPostprocessing = 0;
		};
		A5F5B7BA1BC7BA4D0047F482 /* Frameworks */ = {
			isa = PBXFrameworksBuildPhase;
			buildActionMask = 2147483647;
			files = (
			);
			runOnlyForDeploymentPostprocessing = 0;
		};
		A5F5B7C51BC7BA4D0047F482 /* Frameworks */ = {
			isa = PBXFrameworksBuildPhase;
			buildActionMask = 2147483647;
			files = (
			);
			runOnlyForDeploymentPostprocessing = 0;
		};
/* End PBXFrameworksBuildPhase section */

/* Begin PBXGroup section */
		A544E3301BCA0C6B0018BB9C /* Main */ = {
			isa = PBXGroup;
			children = (
				A5A78BBF1BCB4D87006EFB2D /* View */,
				A544E3331BCA0C8E0018BB9C /* Category */,
				A544E3321BCA0C7D0018BB9C /* Other */,
				A544E3311BCA0C730018BB9C /* Controller */,
			);
			name = Main;
			sourceTree = "<group>";
		};
		A544E3311BCA0C730018BB9C /* Controller */ = {
			isa = PBXGroup;
			children = (
				A5283C7E1BC8A6DE00E62BE7 /* SYTabBarViewController.h */,
				A5283C7F1BC8A6DE00E62BE7 /* SYTabBarViewController.m */,
				A544E31E1BC9FD910018BB9C /* SYNavigationController.h */,
				A544E31F1BC9FD910018BB9C /* SYNavigationController.m */,
			);
			name = Controller;
			sourceTree = "<group>";
		};
		A544E3321BCA0C7D0018BB9C /* Other */ = {
			isa = PBXGroup;
			children = (
				A5F5B7DD1BC7BBAA0047F482 /* AppDelegate.h */,
				A5F5B7DE1BC7BBAA0047F482 /* AppDelegate.m */,
			);
			name = Other;
			sourceTree = "<group>";
		};
		A544E3331BCA0C8E0018BB9C /* Category */ = {
			isa = PBXGroup;
			children = (
				A5D28C0E1BC8BBAA00BF8BD9 /* UIView+Extension.h */,
				A5D28C0F1BC8BBAA00BF8BD9 /* UIView+Extension.m */,
				A544E3401BCA176A0018BB9C /* UIBarButtonItem+Extension.h */,
				A544E3411BCA176A0018BB9C /* UIBarButtonItem+Extension.m */,
			);
			name = Category;
			sourceTree = "<group>";
		};
		A544E3341BCA0CA10018BB9C /* Home */ = {
			isa = PBXGroup;
			children = (
				A544E3351BCA0CAA0018BB9C /* Controller */,
			);
			name = Home;
			sourceTree = "<group>";
		};
		A544E3351BCA0CAA0018BB9C /* Controller */ = {
			isa = PBXGroup;
			children = (
				A5283C331BC89EBE00E62BE7 /* SYHomeViewController.h */,
				A5283C341BC89EBE00E62BE7 /* SYHomeViewController.m */,
			);
			name = Controller;
			sourceTree = "<group>";
		};
		A544E3361BCA0CB40018BB9C /* Message */ = {
			isa = PBXGroup;
			children = (
				A544E3371BCA0CC00018BB9C /* Controller */,
			);
			name = Message;
			sourceTree = "<group>";
		};
		A544E3371BCA0CC00018BB9C /* Controller */ = {
			isa = PBXGroup;
			children = (
				A5283C361BC89ED100E62BE7 /* SYMessageCenterViewController.h */,
				A5283C371BC89ED100E62BE7 /* SYMessageCenterViewController.m */,
			);
			name = Controller;
			sourceTree = "<group>";
		};
		A544E3381BCA0CCB0018BB9C /* Discover */ = {
			isa = PBXGroup;
			children = (
				A544E3391BCA0CD30018BB9C /* Controller */,
			);
			name = Discover;
			sourceTree = "<group>";
		};
		A544E3391BCA0CD30018BB9C /* Controller */ = {
			isa = PBXGroup;
			children = (
				A5283C391BC89EE400E62BE7 /* SYDiscoverViewController.h */,
				A5283C3A1BC89EE400E62BE7 /* SYDiscoverViewController.m */,
			);
			name = Controller;
			sourceTree = "<group>";
		};
		A544E33A1BCA0CDE0018BB9C /* Profile */ = {
			isa = PBXGroup;
			children = (
				A544E33B1BCA0CE40018BB9C /* Controller */,
			);
			name = Profile;
			sourceTree = "<group>";
		};
		A544E33B1BCA0CE40018BB9C /* Controller */ = {
			isa = PBXGroup;
			children = (
				A5283C3C1BC89EF400E62BE7 /* SYProfileViewController.h */,
				A5283C3D1BC89EF400E62BE7 /* SYProfileViewController.m */,
			);
			name = Controller;
			sourceTree = "<group>";
		};
		A544E33C1BCA0CF70018BB9C /* Temp */ = {
			isa = PBXGroup;
			children = (
				A5D28C091BC8B18A00BF8BD9 /* Test1ViewController.h */,
				A5D28C0A1BC8B18A00BF8BD9 /* Test1ViewController.m */,
				A5D28C0B1BC8B18A00BF8BD9 /* Test1ViewController.xib */,
				A5CA0F961BC9116D00154FF6 /* Test2ViewController.h */,
				A5CA0F971BC9116D00154FF6 /* Test2ViewController.m */,
				A5CA0F991BC916F900154FF6 /* Test3ViewController.h */,
				A5CA0F9A1BC916F900154FF6 /* Test3ViewController.m */,
			);
			name = Temp;
			sourceTree = "<group>";
		};
		A5A78BBF1BCB4D87006EFB2D /* View */ = {
			isa = PBXGroup;
			children = (
				A5A78BC01BCB4E4D006EFB2D /* SYSearchBar.h */,
				A5A78BC11BCB4E4D006EFB2D /* SYSearchBar.m */,
			);
			name = View;
			sourceTree = "<group>";
		};
		A5F5B79B1BC7BA4D0047F482 = {
			isa = PBXGroup;
			children = (
				A5F5B7A61BC7BA4D0047F482 /* SYWeiBo */,
				A5F5B7C01BC7BA4D0047F482 /* SYWeiBoTests */,
				A5F5B7CB1BC7BA4D0047F482 /* SYWeiBoUITests */,
				A5F5B7A51BC7BA4D0047F482 /* Products */,
			);
			sourceTree = "<group>";
		};
		A5F5B7A51BC7BA4D0047F482 /* Products */ = {
			isa = PBXGroup;
			children = (
				A5F5B7A41BC7BA4D0047F482 /* SYWeiBo.app */,
				A5F5B7BD1BC7BA4D0047F482 /* SYWeiBoTests.xctest */,
				A5F5B7C81BC7BA4D0047F482 /* SYWeiBoUITests.xctest */,
				A5D28C151BC8DA3900BF8BD9 /* 晓蓉明天干嘛去.app */,
				A5D28C2D1BC8DA3900BF8BD9 /* 晓蓉明天干嘛去Tests.xctest */,
				A5D28C381BC8DA3900BF8BD9 /* 晓蓉明天干嘛去UITests.xctest */,
			);
			name = Products;
			sourceTree = "<group>";
		};
		A5F5B7A61BC7BA4D0047F482 /* SYWeiBo */ = {
			isa = PBXGroup;
			children = (
				A5F5B7DC1BC7BBAA0047F482 /* Classes */,
				A5F5B7A71BC7BA4D0047F482 /* Supporting Files */,
			);
			path = SYWeiBo;
			sourceTree = "<group>";
		};
		A5F5B7A71BC7BA4D0047F482 /* Supporting Files */ = {
			isa = PBXGroup;
			children = (
				A5F5B7B51BC7BA4D0047F482 /* LaunchScreen.storyboard */,
				A5F5B7B81BC7BA4D0047F482 /* Info.plist */,
				A5F5B7DA1BC7BB520047F482 /* Assets.xcassets */,
				A5F5B7A81BC7BA4D0047F482 /* main.m */,
			);
			name = "Supporting Files";
			sourceTree = "<group>";
		};
		A5F5B7C01BC7BA4D0047F482 /* SYWeiBoTests */ = {
			isa = PBXGroup;
			children = (
				A5F5B7C11BC7BA4D0047F482 /* SYWeiBoTests.m */,
				A5F5B7C31BC7BA4D0047F482 /* Info.plist */,
			);
			path = SYWeiBoTests;
			sourceTree = "<group>";
		};
		A5F5B7CB1BC7BA4D0047F482 /* SYWeiBoUITests */ = {
			isa = PBXGroup;
			children = (
				A5F5B7CC1BC7BA4D0047F482 /* SYWeiBoUITests.m */,
				A5F5B7CE1BC7BA4D0047F482 /* Info.plist */,
			);
			path = SYWeiBoUITests;
			sourceTree = "<group>";
		};
		A5F5B7DC1BC7BBAA0047F482 /* Classes */ = {
			isa = PBXGroup;
			children = (
				A544E33C1BCA0CF70018BB9C /* Temp */,
				A544E33A1BCA0CDE0018BB9C /* Profile */,
				A544E3381BCA0CCB0018BB9C /* Discover */,
				A544E3361BCA0CB40018BB9C /* Message */,
				A544E3341BCA0CA10018BB9C /* Home */,
				A544E3301BCA0C6B0018BB9C /* Main */,
			);
			path = Classes;
			sourceTree = "<group>";
		};
/* End PBXGroup section */

/* Begin PBXNativeTarget section */
		A5D28C141BC8DA3900BF8BD9 /* 晓蓉明天干嘛去 */ = {
			isa = PBXNativeTarget;
			buildConfigurationList = A5D28C3F1BC8DA3900BF8BD9 /* Build configuration list for PBXNativeTarget "晓蓉明天干嘛去" */;
			buildPhases = (
				A5D28C111BC8DA3900BF8BD9 /* Sources */,
				A5D28C121BC8DA3900BF8BD9 /* Frameworks */,
				A5D28C131BC8DA3900BF8BD9 /* Resources */,
			);
			buildRules = (
			);
			dependencies = (
			);
			name = "晓蓉明天干嘛去";
			productName = "晓蓉明天干嘛去";
			productReference = A5D28C151BC8DA3900BF8BD9 /* 晓蓉明天干嘛去.app */;
			productType = "com.apple.product-type.application";
		};
		A5D28C2C1BC8DA3900BF8BD9 /* 晓蓉明天干嘛去Tests */ = {
			isa = PBXNativeTarget;
			buildConfigurationList = A5D28C421BC8DA3900BF8BD9 /* Build configuration list for PBXNativeTarget "晓蓉明天干嘛去Tests" */;
			buildPhases = (
				A5D28C291BC8DA3900BF8BD9 /* Sources */,
				A5D28C2A1BC8DA3900BF8BD9 /* Frameworks */,
				A5D28C2B1BC8DA3900BF8BD9 /* Resources */,
			);
			buildRules = (
			);
			dependencies = (
				A5D28C2F1BC8DA3900BF8BD9 /* PBXTargetDependency */,
			);
			name = "晓蓉明天干嘛去Tests";
			productName = "晓蓉明天干嘛去Tests";
			productReference = A5D28C2D1BC8DA3900BF8BD9 /* 晓蓉明天干嘛去Tests.xctest */;
			productType = "com.apple.product-type.bundle.unit-test";
		};
		A5D28C371BC8DA3900BF8BD9 /* 晓蓉明天干嘛去UITests */ = {
			isa = PBXNativeTarget;
			buildConfigurationList = A5D28C451BC8DA3900BF8BD9 /* Build configuration list for PBXNativeTarget "晓蓉明天干嘛去UITests" */;
			buildPhases = (
				A5D28C341BC8DA3900BF8BD9 /* Sources */,
				A5D28C351BC8DA3900BF8BD9 /* Frameworks */,
				A5D28C361BC8DA3900BF8BD9 /* Resources */,
			);
			buildRules = (
			);
			dependencies = (
				A5D28C3A1BC8DA3900BF8BD9 /* PBXTargetDependency */,
			);
			name = "晓蓉明天干嘛去UITests";
			productName = "晓蓉明天干嘛去UITests";
			productReference = A5D28C381BC8DA3900BF8BD9 /* 晓蓉明天干嘛去UITests.xctest */;
			productType = "com.apple.product-type.bundle.ui-testing";
		};
		A5F5B7A31BC7BA4D0047F482 /* SYWeiBo */ = {
			isa = PBXNativeTarget;
			buildConfigurationList = A5F5B7D11BC7BA4D0047F482 /* Build configuration list for PBXNativeTarget "SYWeiBo" */;
			buildPhases = (
				A5F5B7A01BC7BA4D0047F482 /* Sources */,
				A5F5B7A11BC7BA4D0047F482 /* Frameworks */,
				A5F5B7A21BC7BA4D0047F482 /* Resources */,
			);
			buildRules = (
			);
			dependencies = (
			);
			name = SYWeiBo;
			productName = SYWeiBo;
			productReference = A5F5B7A41BC7BA4D0047F482 /* SYWeiBo.app */;
			productType = "com.apple.product-type.application";
		};
		A5F5B7BC1BC7BA4D0047F482 /* SYWeiBoTests */ = {
			isa = PBXNativeTarget;
			buildConfigurationList = A5F5B7D41BC7BA4D0047F482 /* Build configuration list for PBXNativeTarget "SYWeiBoTests" */;
			buildPhases = (
				A5F5B7B91BC7BA4D0047F482 /* Sources */,
				A5F5B7BA1BC7BA4D0047F482 /* Frameworks */,
				A5F5B7BB1BC7BA4D0047F482 /* Resources */,
			);
			buildRules = (
			);
			dependencies = (
				A5F5B7BF1BC7BA4D0047F482 /* PBXTargetDependency */,
			);
			name = SYWeiBoTests;
			productName = SYWeiBoTests;
			productReference = A5F5B7BD1BC7BA4D0047F482 /* SYWeiBoTests.xctest */;
			productType = "com.apple.product-type.bundle.unit-test";
		};
		A5F5B7C71BC7BA4D0047F482 /* SYWeiBoUITests */ = {
			isa = PBXNativeTarget;
			buildConfigurationList = A5F5B7D71BC7BA4D0047F482 /* Build configuration list for PBXNativeTarget "SYWeiBoUITests" */;
			buildPhases = (
				A5F5B7C41BC7BA4D0047F482 /* Sources */,
				A5F5B7C51BC7BA4D0047F482 /* Frameworks */,
				A5F5B7C61BC7BA4D0047F482 /* Resources */,
			);
			buildRules = (
			);
			dependencies = (
				A5F5B7CA1BC7BA4D0047F482 /* PBXTargetDependency */,
			);
			name = SYWeiBoUITests;
			productName = SYWeiBoUITests;
			productReference = A5F5B7C81BC7BA4D0047F482 /* SYWeiBoUITests.xctest */;
			productType = "com.apple.product-type.bundle.ui-testing";
		};
/* End PBXNativeTarget section */

/* Begin PBXProject section */
		A5F5B79C1BC7BA4D0047F482 /* Project object */ = {
			isa = PBXProject;
			attributes = {
				LastUpgradeCheck = 0700;
				ORGANIZATIONNAME = "Shen Yu";
				TargetAttributes = {
					A5D28C141BC8DA3900BF8BD9 = {
						CreatedOnToolsVersion = 7.0.1;
						DevelopmentTeam = WPHE8JHYD7;
					};
					A5D28C2C1BC8DA3900BF8BD9 = {
						CreatedOnToolsVersion = 7.0.1;
						DevelopmentTeam = WPHE8JHYD7;
						TestTargetID = A5D28C141BC8DA3900BF8BD9;
					};
					A5D28C371BC8DA3900BF8BD9 = {
						CreatedOnToolsVersion = 7.0.1;
						DevelopmentTeam = WPHE8JHYD7;
						TestTargetID = A5D28C141BC8DA3900BF8BD9;
					};
					A5F5B7A31BC7BA4D0047F482 = {
						CreatedOnToolsVersion = 7.0.1;
						DevelopmentTeam = WPHE8JHYD7;
					};
					A5F5B7BC1BC7BA4D0047F482 = {
						CreatedOnToolsVersion = 7.0.1;
						TestTargetID = A5F5B7A31BC7BA4D0047F482;
					};
					A5F5B7C71BC7BA4D0047F482 = {
						CreatedOnToolsVersion = 7.0.1;
						TestTargetID = A5F5B7A31BC7BA4D0047F482;
					};
				};
			};
			buildConfigurationList = A5F5B79F1BC7BA4D0047F482 /* Build configuration list for PBXProject "SYWeiBo" */;
			compatibilityVersion = "Xcode 3.2";
			developmentRegion = English;
			hasScannedForEncodings = 0;
			knownRegions = (
				en,
				Base,
			);
			mainGroup = A5F5B79B1BC7BA4D0047F482;
			productRefGroup = A5F5B7A51BC7BA4D0047F482 /* Products */;
			projectDirPath = "";
			projectRoot = "";
			targets = (
				A5F5B7A31BC7BA4D0047F482 /* SYWeiBo */,
				A5F5B7BC1BC7BA4D0047F482 /* SYWeiBoTests */,
				A5F5B7C71BC7BA4D0047F482 /* SYWeiBoUITests */,
				A5D28C141BC8DA3900BF8BD9 /* 晓蓉明天干嘛去 */,
				A5D28C2C1BC8DA3900BF8BD9 /* 晓蓉明天干嘛去Tests */,
				A5D28C371BC8DA3900BF8BD9 /* 晓蓉明天干嘛去UITests */,
			);
		};
/* End PBXProject section */

/* Begin PBXResourcesBuildPhase section */
		A5D28C131BC8DA3900BF8BD9 /* Resources */ = {
			isa = PBXResourcesBuildPhase;
			buildActionMask = 2147483647;
			files = (
			);
			runOnlyForDeploymentPostprocessing = 0;
		};
		A5D28C2B1BC8DA3900BF8BD9 /* Resources */ = {
			isa = PBXResourcesBuildPhase;
			buildActionMask = 2147483647;
			files = (
			);
			runOnlyForDeploymentPostprocessing = 0;
		};
		A5D28C361BC8DA3900BF8BD9 /* Resources */ = {
			isa = PBXResourcesBuildPhase;
			buildActionMask = 2147483647;
			files = (
			);
			runOnlyForDeploymentPostprocessing = 0;
		};
		A5F5B7A21BC7BA4D0047F482 /* Resources */ = {
			isa = PBXResourcesBuildPhase;
			buildActionMask = 2147483647;
			files = (
				A5F5B7DB1BC7BB520047F482 /* Assets.xcassets in Resources */,
				A5F5B7B71BC7BA4D0047F482 /* LaunchScreen.storyboard in Resources */,
				A5D28C0D1BC8B18A00BF8BD9 /* Test1ViewController.xib in Resources */,
			);
			runOnlyForDeploymentPostprocessing = 0;
		};
		A5F5B7BB1BC7BA4D0047F482 /* Resources */ = {
			isa = PBXResourcesBuildPhase;
			buildActionMask = 2147483647;
			files = (
			);
			runOnlyForDeploymentPostprocessing = 0;
		};
		A5F5B7C61BC7BA4D0047F482 /* Resources */ = {
			isa = PBXResourcesBuildPhase;
			buildActionMask = 2147483647;
			files = (
			);
			runOnlyForDeploymentPostprocessing = 0;
		};
/* End PBXResourcesBuildPhase section */

/* Begin PBXSourcesBuildPhase section */
		A5D28C111BC8DA3900BF8BD9 /* Sources */ = {
			isa = PBXSourcesBuildPhase;
			buildActionMask = 2147483647;
			files = (
			);
			runOnlyForDeploymentPostprocessing = 0;
		};
		A5D28C291BC8DA3900BF8BD9 /* Sources */ = {
			isa = PBXSourcesBuildPhase;
			buildActionMask = 2147483647;
			files = (
			);
			runOnlyForDeploymentPostprocessing = 0;
		};
		A5D28C341BC8DA3900BF8BD9 /* Sources */ = {
			isa = PBXSourcesBuildPhase;
			buildActionMask = 2147483647;
			files = (
			);
			runOnlyForDeploymentPostprocessing = 0;
		};
		A5F5B7A01BC7BA4D0047F482 /* Sources */ = {
			isa = PBXSourcesBuildPhase;
			buildActionMask = 2147483647;
			files = (
				A5D28C101BC8BBAA00BF8BD9 /* UIView+Extension.m in Sources */,
				A5D28C0C1BC8B18A00BF8BD9 /* Test1ViewController.m in Sources */,
				A5F5B7A91BC7BA4D0047F482 /* main.m in Sources */,
				A5CA0F9B1BC916F900154FF6 /* Test3ViewController.m in Sources */,
				A5283C3B1BC89EE400E62BE7 /* SYDiscoverViewController.m in Sources */,
				A5283C3E1BC89EF400E62BE7 /* SYProfileViewController.m in Sources */,
				A5CA0F981BC9116D00154FF6 /* Test2ViewController.m in Sources */,
				A544E3201BC9FD910018BB9C /* SYNavigationController.m in Sources */,
				A5283C801BC8A6DE00E62BE7 /* SYTabBarViewController.m in Sources */,
				A5283C351BC89EBE00E62BE7 /* SYHomeViewController.m in Sources */,
				A544E3421BCA176A0018BB9C /* UIBarButtonItem+Extension.m in Sources */,
				A5A78BC21BCB4E4D006EFB2D /* SYSearchBar.m in Sources */,
				A5F5B7DF1BC7BBAA0047F482 /* AppDelegate.m in Sources */,
				A5283C381BC89ED100E62BE7 /* SYMessageCenterViewController.m in Sources */,
			);
			runOnlyForDeploymentPostprocessing = 0;
		};
		A5F5B7B91BC7BA4D0047F482 /* Sources */ = {
			isa = PBXSourcesBuildPhase;
			buildActionMask = 2147483647;
			files = (
				A5F5B7C21BC7BA4D0047F482 /* SYWeiBoTests.m in Sources */,
			);
			runOnlyForDeploymentPostprocessing = 0;
		};
		A5F5B7C41BC7BA4D0047F482 /* Sources */ = {
			isa = PBXSourcesBuildPhase;
			buildActionMask = 2147483647;
			files = (
				A5F5B7CD1BC7BA4D0047F482 /* SYWeiBoUITests.m in Sources */,
			);
			runOnlyForDeploymentPostprocessing = 0;
		};
/* End PBXSourcesBuildPhase section */

/* Begin PBXTargetDependency section */
		A5D28C2F1BC8DA3900BF8BD9 /* PBXTargetDependency */ = {
			isa = PBXTargetDependency;
			target = A5D28C141BC8DA3900BF8BD9 /* 晓蓉明天干嘛去 */;
			targetProxy = A5D28C2E1BC8DA3900BF8BD9 /* PBXContainerItemProxy */;
		};
		A5D28C3A1BC8DA3900BF8BD9 /* PBXTargetDependency */ = {
			isa = PBXTargetDependency;
			target = A5D28C141BC8DA3900BF8BD9 /* 晓蓉明天干嘛去 */;
			targetProxy = A5D28C391BC8DA3900BF8BD9 /* PBXContainerItemProxy */;
		};
		A5F5B7BF1BC7BA4D0047F482 /* PBXTargetDependency */ = {
			isa = PBXTargetDependency;
			target = A5F5B7A31BC7BA4D0047F482 /* SYWeiBo */;
			targetProxy = A5F5B7BE1BC7BA4D0047F482 /* PBXContainerItemProxy */;
		};
		A5F5B7CA1BC7BA4D0047F482 /* PBXTargetDependency */ = {
			isa = PBXTargetDependency;
			target = A5F5B7A31BC7BA4D0047F482 /* SYWeiBo */;
			targetProxy = A5F5B7C91BC7BA4D0047F482 /* PBXContainerItemProxy */;
		};
/* End PBXTargetDependency section */

/* Begin PBXVariantGroup section */
		A5F5B7B51BC7BA4D0047F482 /* LaunchScreen.storyboard */ = {
			isa = PBXVariantGroup;
			children = (
				A5F5B7B61BC7BA4D0047F482 /* Base */,
			);
			name = LaunchScreen.storyboard;
			sourceTree = "<group>";
		};
/* End PBXVariantGroup section */

/* Begin XCBuildConfiguration section */
		A5D28C401BC8DA3900BF8BD9 /* Debug */ = {
			isa = XCBuildConfiguration;
			buildSettings = {
				ASSETCATALOG_COMPILER_APPICON_NAME = AppIcon;
				INFOPLIST_FILE = "晓蓉明天干嘛去/Info.plist";
				LD_RUNPATH_SEARCH_PATHS = "$(inherited) @executable_path/Frameworks";
				PRODUCT_BUNDLE_IDENTIFIER = "com.shenyu.-------";
				PRODUCT_NAME = "$(TARGET_NAME)";
			};
			name = Debug;
		};
		A5D28C411BC8DA3900BF8BD9 /* Release */ = {
			isa = XCBuildConfiguration;
			buildSettings = {
				ASSETCATALOG_COMPILER_APPICON_NAME = AppIcon;
				INFOPLIST_FILE = "晓蓉明天干嘛去/Info.plist";
				LD_RUNPATH_SEARCH_PATHS = "$(inherited) @executable_path/Frameworks";
				PRODUCT_BUNDLE_IDENTIFIER = "com.shenyu.-------";
				PRODUCT_NAME = "$(TARGET_NAME)";
			};
			name = Release;
		};
		A5D28C431BC8DA3900BF8BD9 /* Debug */ = {
			isa = XCBuildConfiguration;
			buildSettings = {
				BUNDLE_LOADER = "$(TEST_HOST)";
				INFOPLIST_FILE = "晓蓉明天干嘛去Tests/Info.plist";
				LD_RUNPATH_SEARCH_PATHS = "$(inherited) @executable_path/Frameworks @loader_path/Frameworks";
				PRODUCT_BUNDLE_IDENTIFIER = "com.shenyu.-------Tests";
				PRODUCT_NAME = "$(TARGET_NAME)";
				TEST_HOST = "$(BUILT_PRODUCTS_DIR)/晓蓉明天干嘛去.app/晓蓉明天干嘛去";
			};
			name = Debug;
		};
		A5D28C441BC8DA3900BF8BD9 /* Release */ = {
			isa = XCBuildConfiguration;
			buildSettings = {
				BUNDLE_LOADER = "$(TEST_HOST)";
				INFOPLIST_FILE = "晓蓉明天干嘛去Tests/Info.plist";
				LD_RUNPATH_SEARCH_PATHS = "$(inherited) @executable_path/Frameworks @loader_path/Frameworks";
				PRODUCT_BUNDLE_IDENTIFIER = "com.shenyu.-------Tests";
				PRODUCT_NAME = "$(TARGET_NAME)";
				TEST_HOST = "$(BUILT_PRODUCTS_DIR)/晓蓉明天干嘛去.app/晓蓉明天干嘛去";
			};
			name = Release;
		};
		A5D28C461BC8DA3900BF8BD9 /* Debug */ = {
			isa = XCBuildConfiguration;
			buildSettings = {
				INFOPLIST_FILE = "晓蓉明天干嘛去UITests/Info.plist";
				LD_RUNPATH_SEARCH_PATHS = "$(inherited) @executable_path/Frameworks @loader_path/Frameworks";
				PRODUCT_BUNDLE_IDENTIFIER = "com.shenyu.-------UITests";
				PRODUCT_NAME = "$(TARGET_NAME)";
				TEST_TARGET_NAME = "晓蓉明天干嘛去";
				USES_XCTRUNNER = YES;
			};
			name = Debug;
		};
		A5D28C471BC8DA3900BF8BD9 /* Release */ = {
			isa = XCBuildConfiguration;
			buildSettings = {
				INFOPLIST_FILE = "晓蓉明天干嘛去UITests/Info.plist";
				LD_RUNPATH_SEARCH_PATHS = "$(inherited) @executable_path/Frameworks @loader_path/Frameworks";
				PRODUCT_BUNDLE_IDENTIFIER = "com.shenyu.-------UITests";
				PRODUCT_NAME = "$(TARGET_NAME)";
				TEST_TARGET_NAME = "晓蓉明天干嘛去";
				USES_XCTRUNNER = YES;
			};
			name = Release;
		};
		A5F5B7CF1BC7BA4D0047F482 /* Debug */ = {
			isa = XCBuildConfiguration;
			buildSettings = {
				ALWAYS_SEARCH_USER_PATHS = NO;
				CLANG_CXX_LANGUAGE_STANDARD = "gnu++0x";
				CLANG_CXX_LIBRARY = "libc++";
				CLANG_ENABLE_MODULES = YES;
				CLANG_ENABLE_OBJC_ARC = YES;
				CLANG_WARN_BOOL_CONVERSION = YES;
				CLANG_WARN_CONSTANT_CONVERSION = YES;
				CLANG_WARN_DIRECT_OBJC_ISA_USAGE = YES_ERROR;
				CLANG_WARN_EMPTY_BODY = YES;
				CLANG_WARN_ENUM_CONVERSION = YES;
				CLANG_WARN_INT_CONVERSION = YES;
				CLANG_WARN_OBJC_ROOT_CLASS = YES_ERROR;
				CLANG_WARN_UNREACHABLE_CODE = YES;
				CLANG_WARN__DUPLICATE_METHOD_MATCH = YES;
				CODE_SIGN_IDENTITY = "iPhone Developer";
				"CODE_SIGN_IDENTITY[sdk=iphoneos*]" = "iPhone Developer";
				COPY_PHASE_STRIP = NO;
				DEBUG_INFORMATION_FORMAT = dwarf;
				ENABLE_STRICT_OBJC_MSGSEND = YES;
				ENABLE_TESTABILITY = YES;
				GCC_C_LANGUAGE_STANDARD = gnu99;
				GCC_DYNAMIC_NO_PIC = NO;
				GCC_NO_COMMON_BLOCKS = YES;
				GCC_OPTIMIZATION_LEVEL = 0;
				GCC_PREPROCESSOR_DEFINITIONS = (
					"DEBUG=1",
					"$(inherited)",
				);
				GCC_WARN_64_TO_32_BIT_CONVERSION = YES;
				GCC_WARN_ABOUT_RETURN_TYPE = YES_ERROR;
				GCC_WARN_UNDECLARED_SELECTOR = YES;
				GCC_WARN_UNINITIALIZED_AUTOS = YES_AGGRESSIVE;
				GCC_WARN_UNUSED_FUNCTION = YES;
				GCC_WARN_UNUSED_VARIABLE = YES;
				IPHONEOS_DEPLOYMENT_TARGET = 9.0;
				MTL_ENABLE_DEBUG_INFO = YES;
				ONLY_ACTIVE_ARCH = YES;
				SDKROOT = iphoneos;
			};
			name = Debug;
		};
		A5F5B7D01BC7BA4D0047F482 /* Release */ = {
			isa = XCBuildConfiguration;
			buildSettings = {
				ALWAYS_SEARCH_USER_PATHS = NO;
				CLANG_CXX_LANGUAGE_STANDARD = "gnu++0x";
				CLANG_CXX_LIBRARY = "libc++";
				CLANG_ENABLE_MODULES = YES;
				CLANG_ENABLE_OBJC_ARC = YES;
				CLANG_WARN_BOOL_CONVERSION = YES;
				CLANG_WARN_CONSTANT_CONVERSION = YES;
				CLANG_WARN_DIRECT_OBJC_ISA_USAGE = YES_ERROR;
				CLANG_WARN_EMPTY_BODY = YES;
				CLANG_WARN_ENUM_CONVERSION = YES;
				CLANG_WARN_INT_CONVERSION = YES;
				CLANG_WARN_OBJC_ROOT_CLASS = YES_ERROR;
				CLANG_WARN_UNREACHABLE_CODE = YES;
				CLANG_WARN__DUPLICATE_METHOD_MATCH = YES;
				CODE_SIGN_IDENTITY = "iPhone Developer";
				"CODE_SIGN_IDENTITY[sdk=iphoneos*]" = "iPhone Developer";
				COPY_PHASE_STRIP = NO;
				DEBUG_INFORMATION_FORMAT = "dwarf-with-dsym";
				ENABLE_NS_ASSERTIONS = NO;
				ENABLE_STRICT_OBJC_MSGSEND = YES;
				GCC_C_LANGUAGE_STANDARD = gnu99;
				GCC_NO_COMMON_BLOCKS = YES;
				GCC_WARN_64_TO_32_BIT_CONVERSION = YES;
				GCC_WARN_ABOUT_RETURN_TYPE = YES_ERROR;
				GCC_WARN_UNDECLARED_SELECTOR = YES;
				GCC_WARN_UNINITIALIZED_AUTOS = YES_AGGRESSIVE;
				GCC_WARN_UNUSED_FUNCTION = YES;
				GCC_WARN_UNUSED_VARIABLE = YES;
				IPHONEOS_DEPLOYMENT_TARGET = 9.0;
				MTL_ENABLE_DEBUG_INFO = NO;
				SDKROOT = iphoneos;
				VALIDATE_PRODUCT = YES;
			};
			name = Release;
		};
		A5F5B7D21BC7BA4D0047F482 /* Debug */ = {
			isa = XCBuildConfiguration;
			buildSettings = {
				ASSETCATALOG_COMPILER_APPICON_NAME = AppIcon;
				CODE_SIGN_IDENTITY = "iPhone Developer";
				"CODE_SIGN_IDENTITY[sdk=iphoneos*]" = "iPhone Developer";
				INFOPLIST_FILE = SYWeiBo/Info.plist;
				LD_RUNPATH_SEARCH_PATHS = "$(inherited) @executable_path/Frameworks";
				PRODUCT_BUNDLE_IDENTIFIER = com.shenyu.SYWeiBo;
				PRODUCT_NAME = "$(TARGET_NAME)";
				PROVISIONING_PROFILE = "";
			};
			name = Debug;
		};
		A5F5B7D31BC7BA4D0047F482 /* Release */ = {
			isa = XCBuildConfiguration;
			buildSettings = {
				ASSETCATALOG_COMPILER_APPICON_NAME = AppIcon;
				CODE_SIGN_IDENTITY = "iPhone Developer";
				"CODE_SIGN_IDENTITY[sdk=iphoneos*]" = "iPhone Developer";
				INFOPLIST_FILE = SYWeiBo/Info.plist;
				LD_RUNPATH_SEARCH_PATHS = "$(inherited) @executable_path/Frameworks";
				PRODUCT_BUNDLE_IDENTIFIER = com.shenyu.SYWeiBo;
				PRODUCT_NAME = "$(TARGET_NAME)";
				PROVISIONING_PROFILE = "";
			};
			name = Release;
		};
		A5F5B7D51BC7BA4D0047F482 /* Debug */ = {
			isa = XCBuildConfiguration;
			buildSettings = {
				BUNDLE_LOADER = "$(TEST_HOST)";
				INFOPLIST_FILE = SYWeiBoTests/Info.plist;
				LD_RUNPATH_SEARCH_PATHS = "$(inherited) @executable_path/Frameworks @loader_path/Frameworks";
				PRODUCT_BUNDLE_IDENTIFIER = com.shenyu.SYWeiBoTests;
				PRODUCT_NAME = "$(TARGET_NAME)";
				TEST_HOST = "$(BUILT_PRODUCTS_DIR)/SYWeiBo.app/SYWeiBo";
			};
			name = Debug;
		};
		A5F5B7D61BC7BA4D0047F482 /* Release */ = {
			isa = XCBuildConfiguration;
			buildSettings = {
				BUNDLE_LOADER = "$(TEST_HOST)";
				INFOPLIST_FILE = SYWeiBoTests/Info.plist;
				LD_RUNPATH_SEARCH_PATHS = "$(inherited) @executable_path/Frameworks @loader_path/Frameworks";
				PRODUCT_BUNDLE_IDENTIFIER = com.shenyu.SYWeiBoTests;
				PRODUCT_NAME = "$(TARGET_NAME)";
				TEST_HOST = "$(BUILT_PRODUCTS_DIR)/SYWeiBo.app/SYWeiBo";
			};
			name = Release;
		};
		A5F5B7D81BC7BA4D0047F482 /* Debug */ = {
			isa = XCBuildConfiguration;
			buildSettings = {
				INFOPLIST_FILE = SYWeiBoUITests/Info.plist;
				LD_RUNPATH_SEARCH_PATHS = "$(inherited) @executable_path/Frameworks @loader_path/Frameworks";
				PRODUCT_BUNDLE_IDENTIFIER = com.shenyu.SYWeiBoUITests;
				PRODUCT_NAME = "$(TARGET_NAME)";
				TEST_TARGET_NAME = SYWeiBo;
				USES_XCTRUNNER = YES;
			};
			name = Debug;
		};
		A5F5B7D91BC7BA4D0047F482 /* Release */ = {
			isa = XCBuildConfiguration;
			buildSettings = {
				INFOPLIST_FILE = SYWeiBoUITests/Info.plist;
				LD_RUNPATH_SEARCH_PATHS = "$(inherited) @executable_path/Frameworks @loader_path/Frameworks";
				PRODUCT_BUNDLE_IDENTIFIER = com.shenyu.SYWeiBoUITests;
				PRODUCT_NAME = "$(TARGET_NAME)";
				TEST_TARGET_NAME = SYWeiBo;
				USES_XCTRUNNER = YES;
			};
			name = Release;
		};
/* End XCBuildConfiguration section */

/* Begin XCConfigurationList section */
		A5D28C3F1BC8DA3900BF8BD9 /* Build configuration list for PBXNativeTarget "晓蓉明天干嘛去" */ = {
			isa = XCConfigurationList;
			buildConfigurations = (
				A5D28C401BC8DA3900BF8BD9 /* Debug */,
				A5D28C411BC8DA3900BF8BD9 /* Release */,
			);
			defaultConfigurationIsVisible = 0;
			defaultConfigurationName = Release;
		};
		A5D28C421BC8DA3900BF8BD9 /* Build configuration list for PBXNativeTarget "晓蓉明天干嘛去Tests" */ = {
			isa = XCConfigurationList;
			buildConfigurations = (
				A5D28C431BC8DA3900BF8BD9 /* Debug */,
				A5D28C441BC8DA3900BF8BD9 /* Release */,
			);
			defaultConfigurationIsVisible = 0;
			defaultConfigurationName = Release;
		};
		A5D28C451BC8DA3900BF8BD9 /* Build configuration list for PBXNativeTarget "晓蓉明天干嘛去UITests" */ = {
			isa = XCConfigurationList;
			buildConfigurations = (
				A5D28C461BC8DA3900BF8BD9 /* Debug */,
				A5D28C471BC8DA3900BF8BD9 /* Release */,
			);
			defaultConfigurationIsVisible = 0;
			defaultConfigurationName = Release;
		};
		A5F5B79F1BC7BA4D0047F482 /* Build configuration list for PBXProject "SYWeiBo" */ = {
			isa = XCConfigurationList;
			buildConfigurations = (
				A5F5B7CF1BC7BA4D0047F482 /* Debug */,
				A5F5B7D01BC7BA4D0047F482 /* Release */,
			);
			defaultConfigurationIsVisible = 0;
			defaultConfigurationName = Release;
		};
		A5F5B7D11BC7BA4D0047F482 /* Build configuration list for PBXNativeTarget "SYWeiBo" */ = {
			isa = XCConfigurationList;
			buildConfigurations = (
				A5F5B7D21BC7BA4D0047F482 /* Debug */,
				A5F5B7D31BC7BA4D0047F482 /* Release */,
			);
			defaultConfigurationIsVisible = 0;
			defaultConfigurationName = Release;
		};
		A5F5B7D41BC7BA4D0047F482 /* Build configuration list for PBXNativeTarget "SYWeiBoTests" */ = {
			isa = XCConfigurationList;
			buildConfigurations = (
				A5F5B7D51BC7BA4D0047F482 /* Debug */,
				A5F5B7D61BC7BA4D0047F482 /* Release */,
			);
			defaultConfigurationIsVisible = 0;
			defaultConfigurationName = Release;
		};
		A5F5B7D71BC7BA4D0047F482 /* Build configuration list for PBXNativeTarget "SYWeiBoUITests" */ = {
			isa = XCConfigurationList;
			buildConfigurations = (
				A5F5B7D81BC7BA4D0047F482 /* Debug */,
				A5F5B7D91BC7BA4D0047F482 /* Release */,
			);
			defaultConfigurationIsVisible = 0;
			defaultConfigurationName = Release;
		};
/* End XCConfigurationList section */
	};
	rootObject = A5F5B79C1BC7BA4D0047F482 /* Project object */;
}
